
Microsoft Visual Studio Solution File, Format Version 12.00
# Visual Studio Version 17
VisualStudioVersion = 17.7.34202.233
MinimumVisualStudioVersion = 10.0.40219.1
Project("{2150E333-8FDC-42A3-9474-1A3956D46DE8}") = "Src", "Src", "{09A4A671-8B57-4D44-997B-57DA39696818}"
EndProject
Project("{2150E333-8FDC-42A3-9474-1A3956D46DE8}") = "Common", "Common", "{8E08A464-1A88-4630-B457-E911E544C6EC}"
EndProject
Project("{2150E333-8FDC-42A3-9474-1A3956D46DE8}") = "Core", "Core", "{E383861E-6E80-4B77-B4A8-4D7424E1F4AC}"
EndProject
Project("{2150E333-8FDC-42A3-9474-1A3956D46DE8}") = "Infrastructure", "Infrastructure", "{C16DAF16-30B1-4BB0-917D-1AC188C697B7}"
EndProject
Project("{2150E333-8FDC-42A3-9474-1A3956D46DE8}") = "Presentation", "Presentation", "{FF4B8C40-7C26-49A3-A6F8-C0B890467C20}"
EndProject
Project("{FAE04EC0-301F-11D3-BF4B-00C04F79EFBC}") = "Radin.Common", "Radin.Common\Radin.Common.csproj", "{2310C455-D7D2-4811-9953-8B588ED2DA1B}"
EndProject
Project("{FAE04EC0-301F-11D3-BF4B-00C04F79EFBC}") = "Radin.Application", "Radin.Application\Radin.Application.csproj", "{849BB71F-CD3D-4E19-8DF5-4D5146AFB4BB}"
EndProject
Project("{FAE04EC0-301F-11D3-BF4B-00C04F79EFBC}") = "Radin.Domain", "Radin.Domain\Radin.Domain.csproj", "{D8078D75-E56C-4042-98EB-DDE49606E358}"
EndProject
Project("{FAE04EC0-301F-11D3-BF4B-00C04F79EFBC}") = "Radin.Infrastructure", "Radin.Infrastructure\Radin.Infrastructure.csproj", "{4D873CC7-508B-4637-AB4B-2BAF729B886F}"
EndProject
Project("{FAE04EC0-301F-11D3-BF4B-00C04F79EFBC}") = "Radin.Persistence", "Radin.Persistence\Radin.Persistence.csproj", "{B95D47C5-6FBB-4EA8-AA09-53E07D528445}"
EndProject
Project("{FAE04EC0-301F-11D3-BF4B-00C04F79EFBC}") = "Endpoint.Site", "Endpoint.Site\Endpoint.Site.csproj", "{9E879654-3618-4E38-8A0D-71720853F0D9}"
EndProject
Global
	GlobalSection(SolutionConfigurationPlatforms) = preSolution
		Debug|Any CPU = Debug|Any CPU
		Release|Any CPU = Release|Any CPU
	EndGlobalSection
	GlobalSection(ProjectConfigurationPlatforms) = postSolution
		{2310C455-D7D2-4811-9953-8B588ED2DA1B}.Debug|Any CPU.ActiveCfg = Debug|Any CPU
		{2310C455-D7D2-4811-9953-8B588ED2DA1B}.Debug|Any CPU.Build.0 = Debug|Any CPU
		{2310C455-D7D2-4811-9953-8B588ED2DA1B}.Release|Any CPU.ActiveCfg = Release|Any CPU
		{2310C455-D7D2-4811-9953-8B588ED2DA1B}.Release|Any CPU.Build.0 = Release|Any CPU
		{849BB71F-CD3D-4E19-8DF5-4D5146AFB4BB}.Debug|Any CPU.ActiveCfg = Debug|Any CPU
		{849BB71F-CD3D-4E19-8DF5-4D5146AFB4BB}.Debug|Any CPU.Build.0 = Debug|Any CPU
		{849BB71F-CD3D-4E19-8DF5-4D5146AFB4BB}.Release|Any CPU.ActiveCfg = Release|Any CPU
		{849BB71F-CD3D-4E19-8DF5-4D5146AFB4BB}.Release|Any CPU.Build.0 = Release|Any CPU
		{D8078D75-E56C-4042-98EB-DDE49606E358}.Debug|Any CPU.ActiveCfg = Debug|Any CPU
		{D8078D75-E56C-4042-98EB-DDE49606E358}.Debug|Any CPU.Build.0 = Debug|Any CPU
		{D8078D75-E56C-4042-98EB-DDE49606E358}.Release|Any CPU.ActiveCfg = Release|Any CPU
		{D8078D75-E56C-4042-98EB-DDE49606E358}.Release|Any CPU.Build.0 = Release|Any CPU
		{4D873CC7-508B-4637-AB4B-2BAF729B886F}.Debug|Any CPU.ActiveCfg = Debug|Any CPU
		{4D873CC7-508B-4637-AB4B-2BAF729B886F}.Debug|Any CPU.Build.0 = Debug|Any CPU
		{4D873CC7-508B-4637-AB4B-2BAF729B886F}.Release|Any CPU.ActiveCfg = Release|Any CPU
		{4D873CC7-508B-4637-AB4B-2BAF729B886F}.Release|Any CPU.Build.0 = Release|Any CPU
		{B95D47C5-6FBB-4EA8-AA09-53E07D528445}.Debug|Any CPU.ActiveCfg = Debug|Any CPU
		{B95D47C5-6FBB-4EA8-AA09-53E07D528445}.Debug|Any CPU.Build.0 = Debug|Any CPU
		{B95D47C5-6FBB-4EA8-AA09-53E07D528445}.Release|Any CPU.ActiveCfg = Release|Any CPU
		{B95D47C5-6FBB-4EA8-AA09-53E07D528445}.Release|Any CPU.Build.0 = Release|Any CPU
		{9E879654-3618-4E38-8A0D-71720853F0D9}.Debug|Any CPU.ActiveCfg = Debug|Any CPU
		{9E879654-3618-4E38-8A0D-71720853F0D9}.Debug|Any CPU.Build.0 = Debug|Any CPU
		{9E879654-3618-4E38-8A0D-71720853F0D9}.Release|Any CPU.ActiveCfg = Release|Any CPU
		{9E879654-3618-4E38-8A0D-71720853F0D9}.Release|Any CPU.Build.0 = Release|Any CPU
	EndGlobalSection
	GlobalSection(SolutionProperties) = preSolution
		HideSolutionNode = FALSE
	EndGlobalSection
	GlobalSection(NestedProjects) = preSolution
		{8E08A464-1A88-4630-B457-E911E544C6EC} = {09A4A671-8B57-4D44-997B-57DA39696818}
		{E383861E-6E80-4B77-B4A8-4D7424E1F4AC} = {09A4A671-8B57-4D44-997B-57DA39696818}
		{C16DAF16-30B1-4BB0-917D-1AC188C697B7} = {09A4A671-8B57-4D44-997B-57DA39696818}
		{FF4B8C40-7C26-49A3-A6F8-C0B890467C20} = {09A4A671-8B57-4D44-997B-57DA39696818}
		{2310C455-D7D2-4811-9953-8B588ED2DA1B} = {8E08A464-1A88-4630-B457-E911E544C6EC}
		{849BB71F-CD3D-4E19-8DF5-4D5146AFB4BB} = {E383861E-6E80-4B77-B4A8-4D7424E1F4AC}
		{D8078D75-E56C-4042-98EB-DDE49606E358} = {E383861E-6E80-4B77-B4A8-4D7424E1F4AC}
		{4D873CC7-508B-4637-AB4B-2BAF729B886F} = {C16DAF16-30B1-4BB0-917D-1AC188C697B7}
		{B95D47C5-6FBB-4EA8-AA09-53E07D528445} = {C16DAF16-30B1-4BB0-917D-1AC188C697B7}
		{9E879654-3618-4E38-8A0D-71720853F0D9} = {FF4B8C40-7C26-49A3-A6F8-C0B890467C20}
	EndGlobalSection
	GlobalSection(ExtensibilityGlobals) = postSolution
		SolutionGuid = {514AF59A-C83C-40C4-A557-1CBC26BAAAFE}
	EndGlobalSection
EndGlobal
